
Microsoft Visual Studio Solution File, Format Version 12.00
# Visual Studio Version 16
VisualStudioVersion = 16.0.30114.105
MinimumVisualStudioVersion = 10.0.40219.1
Project("{FAE04EC0-301F-11D3-BF4B-00C04F79EFBC}") = "prueba_sigma3ds", "prueba_sigma3ds\prueba_sigma3ds.csproj", "{A3FCD5EA-F62B-4330-92DF-E7173500E688}"
EndProject
Project("{FAE04EC0-301F-11D3-BF4B-00C04F79EFBC}") = "Data", "Data\Data.csproj", "{210F724E-7E76-4412-B52C-90003D48494C}"
EndProject
Project("{FAE04EC0-301F-11D3-BF4B-00C04F79EFBC}") = "Negocio", "Negocio\Negocio.csproj", "{4AF1DD7B-7ACE-45EA-9579-5A98C8373E6F}"
EndProject
Global
	GlobalSection(SolutionConfigurationPlatforms) = preSolution
		Debug|Any CPU = Debug|Any CPU
		Release|Any CPU = Release|Any CPU
	EndGlobalSection
	GlobalSection(ProjectConfigurationPlatforms) = postSolution
		{A3FCD5EA-F62B-4330-92DF-E7173500E688}.Debug|Any CPU.ActiveCfg = Debug|Any CPU
		{A3FCD5EA-F62B-4330-92DF-E7173500E688}.Debug|Any CPU.Build.0 = Debug|Any CPU
		{A3FCD5EA-F62B-4330-92DF-E7173500E688}.Release|Any CPU.ActiveCfg = Release|Any CPU
		{A3FCD5EA-F62B-4330-92DF-E7173500E688}.Release|Any CPU.Build.0 = Release|Any CPU
		{210F724E-7E76-4412-B52C-90003D48494C}.Debug|Any CPU.ActiveCfg = Debug|Any CPU
		{210F724E-7E76-4412-B52C-90003D48494C}.Debug|Any CPU.Build.0 = Debug|Any CPU
		{210F724E-7E76-4412-B52C-90003D48494C}.Release|Any CPU.ActiveCfg = Release|Any CPU
		{210F724E-7E76-4412-B52C-90003D48494C}.Release|Any CPU.Build.0 = Release|Any CPU
		{4AF1DD7B-7ACE-45EA-9579-5A98C8373E6F}.Debug|Any CPU.ActiveCfg = Debug|Any CPU
		{4AF1DD7B-7ACE-45EA-9579-5A98C8373E6F}.Debug|Any CPU.Build.0 = Debug|Any CPU
		{4AF1DD7B-7ACE-45EA-9579-5A98C8373E6F}.Release|Any CPU.ActiveCfg = Release|Any CPU
		{4AF1DD7B-7ACE-45EA-9579-5A98C8373E6F}.Release|Any CPU.Build.0 = Release|Any CPU
	EndGlobalSection
	GlobalSection(SolutionProperties) = preSolution
		HideSolutionNode = FALSE
	EndGlobalSection
	GlobalSection(ExtensibilityGlobals) = postSolution
		SolutionGuid = {24190454-51E7-4222-A66B-1F5064369666}
	EndGlobalSection
EndGlobal
